PODS:
  - Alamofire (5.5.0)
  - LanguageManager-iOS (1.2.5)

DEPENDENCIES:
  - Alamofire
  - LanguageManager-iOS

SPEC REPOS:
  trunk:
    - Alamofire
    - LanguageManager-iOS

SPEC CHECKSUMS:
  Alamofire: 1c4fb5369c3fe93d2857c780d8bbe09f06f97e7c
  LanguageManager-iOS: 049345fe4d1c5fbe22af93d438540917f4936359

PODFILE CHECKSUM: cc35ff9d742b6559e1abc0ee948c93eb69e7fc59

COCOAPODS: 1.11.2
