// !$*UTF8*$!
{
	archiveVersion = 1;
	classes = {
	};
	objectVersion = 55;
	objects = {

/* Begin PBXBuildFile section */
		04684666278D952E00D29F68 /* AppDelegate.swift in Sources */ = {isa = PBXBuildFile; fileRef = 04684665278D952E00D29F68 /* AppDelegate.swift */; };
		04684668278D952E00D29F68 /* SceneDelegate.swift in Sources */ = {isa = PBXBuildFile; fileRef = 04684667278D952E00D29F68 /* SceneDelegate.swift */; };
		0468466A278D952E00D29F68 /* ViewController.swift in Sources */ = {isa = PBXBuildFile; fileRef = 04684669278D952E00D29F68 /* ViewController.swift */; };
		0468466D278D952E00D29F68 /* Main.storyboard in Resources */ = {isa = PBXBuildFile; fileRef = 0468466B278D952E00D29F68 /* Main.storyboard */; };
		0468466F278D952F00D29F68 /* Assets.xcassets in Resources */ = {isa = PBXBuildFile; fileRef = 0468466E278D952F00D29F68 /* Assets.xcassets */; };
		04684672278D952F00D29F68 /* LaunchScreen.storyboard in Resources */ = {isa = PBXBuildFile; fileRef = 04684670278D952F00D29F68 /* LaunchScreen.storyboard */; };
		1DCB438CCB1B4BB8AD6E170A /* Pods_LocalPackageDemo.framework in Frameworks */ = {isa = PBXBuildFile; fileRef = C99790E4EDE417D963F7CF9C /* Pods_LocalPackageDemo.framework */; };
		80D2363C278F0C28007DD6DC /* Fastis in Frameworks */ = {isa = PBXBuildFile; productRef = 80D2363B278F0C28007DD6DC /* Fastis */; };
/* End PBXBuildFile section */

/* Begin PBXFileReference section */
		04684662278D952E00D29F68 /* LocalPackageDemo.app */ = {isa = PBXFileReference; explicitFileType = wrapper.application; includeInIndex = 0; path = LocalPackageDemo.app; sourceTree = BUILT_PRODUCTS_DIR; };
		04684665278D952E00D29F68 /* AppDelegate.swift */ = {isa = PBXFileReference; lastKnownFileType = sourcecode.swift; path = AppDelegate.swift; sourceTree = "<group>"; };
		04684667278D952E00D29F68 /* SceneDelegate.swift */ = {isa = PBXFileReference; lastKnownFileType = sourcecode.swift; path = SceneDelegate.swift; sourceTree = "<group>"; };
		04684669278D952E00D29F68 /* ViewController.swift */ = {isa = PBXFileReference; lastKnownFileType = sourcecode.swift; path = ViewController.swift; sourceTree = "<group>"; };
		0468466C278D952E00D29F68 /* Base */ = {isa = PBXFileReference; lastKnownFileType = file.storyboard; name = Base; path = Base.lproj/Main.storyboard; sourceTree = "<group>"; };
		0468466E278D952F00D29F68 /* Assets.xcassets */ = {isa = PBXFileReference; lastKnownFileType = folder.assetcatalog; path = Assets.xcassets; sourceTree = "<group>"; };
		04684671278D952F00D29F68 /* Base */ = {isa = PBXFileReference; lastKnownFileType = file.storyboard; name = Base; path = Base.lproj/LaunchScreen.storyboard; sourceTree = "<group>"; };
		04684673278D952F00D29F68 /* Info.plist */ = {isa = PBXFileReference; lastKnownFileType = text.plist.xml; path = Info.plist; sourceTree = "<group>"; };
		559D28802E66643C65F78A48 /* Pods-LocalPackageDemo.debug.xcconfig */ = {isa = PBXFileReference; includeInIndex = 1; lastKnownFileType = text.xcconfig; name = "Pods-LocalPackageDemo.debug.xcconfig"; path = "Target Support Files/Pods-LocalPackageDemo/Pods-LocalPackageDemo.debug.xcconfig"; sourceTree = "<group>"; };
		706C5FCE2C1F957E512CB911 /* Pods-LocalPackageDemo.release.xcconfig */ = {isa = PBXFileReference; includeInIndex = 1; lastKnownFileType = text.xcconfig; name = "Pods-LocalPackageDemo.release.xcconfig"; path = "Target Support Files/Pods-LocalPackageDemo/Pods-LocalPackageDemo.release.xcconfig"; sourceTree = "<group>"; };
		80D23638278F0B2D007DD6DC /* Fastis */ = {isa = PBXFileReference; lastKnownFileType = folder; path = Fastis; sourceTree = "<group>"; };
		C99790E4EDE417D963F7CF9C /* Pods_LocalPackageDemo.framework */ = {isa = PBXFileReference; explicitFileType = wrapper.framework; includeInIndex = 0; path = Pods_LocalPackageDemo.framework; sourceTree = BUILT_PRODUCTS_DIR; };
/* End PBXFileReference section */

/* Begin PBXFrameworksBuildPhase section */
		0468465F278D952E00D29F68 /* Frameworks */ = {
			isa = PBXFrameworksBuildPhase;
			buildActionMask = 2147483647;
			files = (
				80D2363C278F0C28007DD6DC /* Fastis in Frameworks */,
				1DCB438CCB1B4BB8AD6E170A /* Pods_LocalPackageDemo.framework in Frameworks */,
			);
			runOnlyForDeploymentPostprocessing = 0;
		};
/* End PBXFrameworksBuildPhase section */

/* Begin PBXGroup section */
		04684659278D952E00D29F68 = {
			isa = PBXGroup;
			children = (
				80D23636278F0A14007DD6DC /* Packages */,
				04684664278D952E00D29F68 /* LocalPackageDemo */,
				04684663278D952E00D29F68 /* Products */,
				FE292A3BADC8954CB87B0AF0 /* Pods */,
				6DA75FE431BAF32D1E659D56 /* Frameworks */,
			);
			sourceTree = "<group>";
		};
		04684663278D952E00D29F68 /* Products */ = {
			isa = PBXGroup;
			children = (
				04684662278D952E00D29F68 /* LocalPackageDemo.app */,
			);
			name = Products;
			sourceTree = "<group>";
		};
		04684664278D952E00D29F68 /* LocalPackageDemo */ = {
			isa = PBXGroup;
			children = (
				04684665278D952E00D29F68 /* AppDelegate.swift */,
				04684667278D952E00D29F68 /* SceneDelegate.swift */,
				04684669278D952E00D29F68 /* ViewController.swift */,
				0468466B278D952E00D29F68 /* Main.storyboard */,
				0468466E278D952F00D29F68 /* Assets.xcassets */,
				04684670278D952F00D29F68 /* LaunchScreen.storyboard */,
				04684673278D952F00D29F68 /* Info.plist */,
			);
			path = LocalPackageDemo;
			sourceTree = "<group>";
		};
		6DA75FE431BAF32D1E659D56 /* Frameworks */ = {
			isa = PBXGroup;
			children = (
				C99790E4EDE417D963F7CF9C /* Pods_LocalPackageDemo.framework */,
			);
			name = Frameworks;
			sourceTree = "<group>";
		};
		80D23636278F0A14007DD6DC /* Packages */ = {
			isa = PBXGroup;
			children = (
				80D23638278F0B2D007DD6DC /* Fastis */,
			);
			name = Packages;
			sourceTree = "<group>";
		};
		FE292A3BADC8954CB87B0AF0 /* Pods */ = {
			isa = PBXGroup;
			children = (
				559D28802E66643C65F78A48 /* Pods-LocalPackageDemo.debug.xcconfig */,
				706C5FCE2C1F957E512CB911 /* Pods-LocalPackageDemo.release.xcconfig */,
			);
			path = Pods;
			sourceTree = "<group>";
		};
/* End PBXGroup section */

/* Begin PBXNativeTarget section */
		04684661278D952E00D29F68 /* LocalPackageDemo */ = {
			isa = PBXNativeTarget;
			buildConfigurationList = 04684676278D952F00D29F68 /* Build configuration list for PBXNativeTarget "LocalPackageDemo" */;
			buildPhases = (
				512A40474CF84018844274D3 /* [CP] Check Pods Manifest.lock */,
				0468465E278D952E00D29F68 /* Sources */,
				0468465F278D952E00D29F68 /* Frameworks */,
				04684660278D952E00D29F68 /* Resources */,
				2B50049365187CD9885F8E55 /* [CP] Embed Pods Frameworks */,
			);
			buildRules = (
			);
			dependencies = (
				80D2363A278F0C23007DD6DC /* PBXTargetDependency */,
			);
			name = LocalPackageDemo;
			packageProductDependencies = (
				80D2363B278F0C28007DD6DC /* Fastis */,
			);
			productName = LocalPackageDemo;
			productReference = 04684662278D952E00D29F68 /* LocalPackageDemo.app */;
			productType = "com.apple.product-type.application";
		};
/* End PBXNativeTarget section */

/* Begin PBXProject section */
		0468465A278D952E00D29F68 /* Project object */ = {
			isa = PBXProject;
			attributes = {
				BuildIndependentTargetsInParallel = 1;
				LastSwiftUpdateCheck = 1320;
				LastUpgradeCheck = 1320;
				TargetAttributes = {
					04684661278D952E00D29F68 = {
						CreatedOnToolsVersion = 13.2.1;
					};
				};
			};
			buildConfigurationList = 0468465D278D952E00D29F68 /* Build configuration list for PBXProject "LocalPackageDemo" */;
			compatibilityVersion = "Xcode 13.0";
			developmentRegion = en;
			hasScannedForEncodings = 0;
			knownRegions = (
				en,
				Base,
			);
			mainGroup = 04684659278D952E00D29F68;
			productRefGroup = 04684663278D952E00D29F68 /* Products */;
			projectDirPath = "";
			projectRoot = "";
			targets = (
				04684661278D952E00D29F68 /* LocalPackageDemo */,
			);
		};
/* End PBXProject section */

/* Begin PBXResourcesBuildPhase section */
		04684660278D952E00D29F68 /* Resources */ = {
			isa = PBXResourcesBuildPhase;
			buildActionMask = 2147483647;
			files = (
				04684672278D952F00D29F68 /* LaunchScreen.storyboard in Resources */,
				0468466F278D952F00D29F68 /* Assets.xcassets in Resources */,
				0468466D278D952E00D29F68 /* Main.storyboard in Resources */,
			);
			runOnlyForDeploymentPostprocessing = 0;
		};
/* End PBXResourcesBuildPhase section */

/* Begin PBXShellScriptBuildPhase section */
		2B50049365187CD9885F8E55 /* [CP] Embed Pods Frameworks */ = {
			isa = PBXShellScriptBuildPhase;
			buildActionMask = 2147483647;
			files = (
			);
			inputFileListPaths = (
				"${PODS_ROOT}/Target Support Files/Pods-LocalPackageDemo/Pods-LocalPackageDemo-frameworks-${CONFIGURATION}-input-files.xcfilelist",
			);
			name = "[CP] Embed Pods Frameworks";
			outputFileListPaths = (
				"${PODS_ROOT}/Target Support Files/Pods-LocalPackageDemo/Pods-LocalPackageDemo-frameworks-${CONFIGURATION}-output-files.xcfilelist",
			);
			runOnlyForDeploymentPostprocessing = 0;
			shellPath = /bin/sh;
			shellScript = "\"${PODS_ROOT}/Target Support Files/Pods-LocalPackageDemo/Pods-LocalPackageDemo-frameworks.sh\"\n";
			showEnvVarsInLog = 0;
		};
		512A40474CF84018844274D3 /* [CP] Check Pods Manifest.lock */ = {
			isa = PBXShellScriptBuildPhase;
			buildActionMask = 2147483647;
			files = (
			);
			inputFileListPaths = (
			);
			inputPaths = (
				"${PODS_PODFILE_DIR_PATH}/Podfile.lock",
				"${PODS_ROOT}/Manifest.lock",
			);
			name = "[CP] Check Pods Manifest.lock";
			outputFileListPaths = (
			);
			outputPaths = (
				"$(DERIVED_FILE_DIR)/Pods-LocalPackageDemo-checkManifestLockResult.txt",
			);
			runOnlyForDeploymentPostprocessing = 0;
			shellPath = /bin/sh;
			shellScript = "diff \"${PODS_PODFILE_DIR_PATH}/Podfile.lock\" \"${PODS_ROOT}/Manifest.lock\" > /dev/null\nif [ $? != 0 ] ; then\n    # print error to STDERR\n    echo \"error: The sandbox is not in sync with the Podfile.lock. Run 'pod install' or update your CocoaPods installation.\" >&2\n    exit 1\nfi\n# This output is used by Xcode 'outputs' to avoid re-running this script phase.\necho \"SUCCESS\" > \"${SCRIPT_OUTPUT_FILE_0}\"\n";
			showEnvVarsInLog = 0;
		};
/* End PBXShellScriptBuildPhase section */

/* Begin PBXSourcesBuildPhase section */
		0468465E278D952E00D29F68 /* Sources */ = {
			isa = PBXSourcesBuildPhase;
			buildActionMask = 2147483647;
			files = (
				0468466A278D952E00D29F68 /* ViewController.swift in Sources */,
				04684666278D952E00D29F68 /* AppDelegate.swift in Sources */,
				04684668278D952E00D29F68 /* SceneDelegate.swift in Sources */,
			);
			runOnlyForDeploymentPostprocessing = 0;
		};
/* End PBXSourcesBuildPhase section */

/* Begin PBXTargetDependency section */
		80D2363A278F0C23007DD6DC /* PBXTargetDependency */ = {
			isa = PBXTargetDependency;
			productRef = 80D23639278F0C23007DD6DC /* Fastis */;
		};
/* End PBXTargetDependency section */

/* Begin PBXVariantGroup section */
		0468466B278D952E00D29F68 /* Main.storyboard */ = {
			isa = PBXVariantGroup;
			children = (
				0468466C278D952E00D29F68 /* Base */,
			);
			name = Main.storyboard;
			sourceTree = "<group>";
		};
		04684670278D952F00D29F68 /* LaunchScreen.storyboard */ = {
			isa = PBXVariantGroup;
			children = (
				04684671278D952F00D29F68 /* Base */,
			);
			name = LaunchScreen.storyboard;
			sourceTree = "<group>";
		};
/* End PBXVariantGroup section */

/* Begin XCBuildConfiguration section */
		04684674278D952F00D29F68 /* Debug */ = {
			isa = XCBuildConfiguration;
			buildSettings = {
				ALWAYS_SEARCH_USER_PATHS = NO;
				CLANG_ANALYZER_NONNULL = YES;
				CLANG_ANALYZER_NUMBER_OBJECT_CONVERSION = YES_AGGRESSIVE;
				CLANG_CXX_LANGUAGE_STANDARD = "gnu++17";
				CLANG_CXX_LIBRARY = "libc++";
				CLANG_ENABLE_MODULES = YES;
				CLANG_ENABLE_OBJC_ARC = YES;
				CLANG_ENABLE_OBJC_WEAK = YES;
				CLANG_WARN_BLOCK_CAPTURE_AUTORELEASING = YES;
				CLANG_WARN_BOOL_CONVERSION = YES;
				CLANG_WARN_COMMA = YES;
				CLANG_WARN_CONSTANT_CONVERSION = YES;
				CLANG_WARN_DEPRECATED_OBJC_IMPLEMENTATIONS = YES;
				CLANG_WARN_DIRECT_OBJC_ISA_USAGE = YES_ERROR;
				CLANG_WARN_DOCUMENTATION_COMMENTS = YES;
				CLANG_WARN_EMPTY_BODY = YES;
				CLANG_WARN_ENUM_CONVERSION = YES;
				CLANG_WARN_INFINITE_RECURSION = YES;
				CLANG_WARN_INT_CONVERSION = YES;
				CLANG_WARN_NON_LITERAL_NULL_CONVERSION = YES;
				CLANG_WARN_OBJC_IMPLICIT_RETAIN_SELF = YES;
				CLANG_WARN_OBJC_LITERAL_CONVERSION = YES;
				CLANG_WARN_OBJC_ROOT_CLASS = YES_ERROR;
				CLANG_WARN_QUOTED_INCLUDE_IN_FRAMEWORK_HEADER = YES;
				CLANG_WARN_RANGE_LOOP_ANALYSIS = YES;
				CLANG_WARN_STRICT_PROTOTYPES = YES;
				CLANG_WARN_SUSPICIOUS_MOVE = YES;
				CLANG_WARN_UNGUARDED_AVAILABILITY = YES_AGGRESSIVE;
				CLANG_WARN_UNREACHABLE_CODE = YES;
				CLANG_WARN__DUPLICATE_METHOD_MATCH = YES;
				COPY_PHASE_STRIP = NO;
				DEBUG_INFORMATION_FORMAT = dwarf;
				ENABLE_STRICT_OBJC_MSGSEND = YES;
				ENABLE_TESTABILITY = YES;
				GCC_C_LANGUAGE_STANDARD = gnu11;
				GCC_DYNAMIC_NO_PIC = NO;
				GCC_NO_COMMON_BLOCKS = YES;
				GCC_OPTIMIZATION_LEVEL = 0;
				GCC_PREPROCESSOR_DEFINITIONS = (
					"DEBUG=1",
					"$(inherited)",
				);
				GCC_WARN_64_TO_32_BIT_CONVERSION = YES;
				GCC_WARN_ABOUT_RETURN_TYPE = YES_ERROR;
				GCC_WARN_UNDECLARED_SELECTOR = YES;
				GCC_WARN_UNINITIALIZED_AUTOS = YES_AGGRESSIVE;
				GCC_WARN_UNUSED_FUNCTION = YES;
				GCC_WARN_UNUSED_VARIABLE = YES;
				IPHONEOS_DEPLOYMENT_TARGET = 15.2;
				MTL_ENABLE_DEBUG_INFO = INCLUDE_SOURCE;
				MTL_FAST_MATH = YES;
				ONLY_ACTIVE_ARCH = YES;
				SDKROOT = iphoneos;
				SWIFT_ACTIVE_COMPILATION_CONDITIONS = DEBUG;
				SWIFT_OPTIMIZATION_LEVEL = "-Onone";
			};
			name = Debug;
		};
		04684675278D952F00D29F68 /* Release */ = {
			isa = XCBuildConfiguration;
			buildSettings = {
				ALWAYS_SEARCH_USER_PATHS = NO;
				CLANG_ANALYZER_NONNULL = YES;
				CLANG_ANALYZER_NUMBER_OBJECT_CONVERSION = YES_AGGRESSIVE;
				CLANG_CXX_LANGUAGE_STANDARD = "gnu++17";
				CLANG_CXX_LIBRARY = "libc++";
				CLANG_ENABLE_MODULES = YES;
				CLANG_ENABLE_OBJC_ARC = YES;
				CLANG_ENABLE_OBJC_WEAK = YES;
				CLANG_WARN_BLOCK_CAPTURE_AUTORELEASING = YES;
				CLANG_WARN_BOOL_CONVERSION = YES;
				CLANG_WARN_COMMA = YES;
				CLANG_WARN_CONSTANT_CONVERSION = YES;
				CLANG_WARN_DEPRECATED_OBJC_IMPLEMENTATIONS = YES;
				CLANG_WARN_DIRECT_OBJC_ISA_USAGE = YES_ERROR;
				CLANG_WARN_DOCUMENTATION_COMMENTS = YES;
				CLANG_WARN_EMPTY_BODY = YES;
				CLANG_WARN_ENUM_CONVERSION = YES;
				CLANG_WARN_INFINITE_RECURSION = YES;
				CLANG_WARN_INT_CONVERSION = YES;
				CLANG_WARN_NON_LITERAL_NULL_CONVERSION = YES;
				CLANG_WARN_OBJC_IMPLICIT_RETAIN_SELF = YES;
				CLANG_WARN_OBJC_LITERAL_CONVERSION = YES;
				CLANG_WARN_OBJC_ROOT_CLASS = YES_ERROR;
				CLANG_WARN_QUOTED_INCLUDE_IN_FRAMEWORK_HEADER = YES;
				CLANG_WARN_RANGE_LOOP_ANALYSIS = YES;
				CLANG_WARN_STRICT_PROTOTYPES = YES;
				CLANG_WARN_SUSPICIOUS_MOVE = YES;
				CLANG_WARN_UNGUARDED_AVAILABILITY = YES_AGGRESSIVE;
				CLANG_WARN_UNREACHABLE_CODE = YES;
				CLANG_WARN__DUPLICATE_METHOD_MATCH = YES;
				COPY_PHASE_STRIP = NO;
				DEBUG_INFORMATION_FORMAT = "dwarf-with-dsym";
				ENABLE_NS_ASSERTIONS = NO;
				ENABLE_STRICT_OBJC_MSGSEND = YES;
				GCC_C_LANGUAGE_STANDARD = gnu11;
				GCC_NO_COMMON_BLOCKS = YES;
				GCC_WARN_64_TO_32_BIT_CONVERSION = YES;
				GCC_WARN_ABOUT_RETURN_TYPE = YES_ERROR;
				GCC_WARN_UNDECLARED_SELECTOR = YES;
				GCC_WARN_UNINITIALIZED_AUTOS = YES_AGGRESSIVE;
				GCC_WARN_UNUSED_FUNCTION = YES;
				GCC_WARN_UNUSED_VARIABLE = YES;
				IPHONEOS_DEPLOYMENT_TARGET = 15.2;
				MTL_ENABLE_DEBUG_INFO = NO;
				MTL_FAST_MATH = YES;
				SDKROOT = iphoneos;
				SWIFT_COMPILATION_MODE = wholemodule;
				SWIFT_OPTIMIZATION_LEVEL = "-O";
				VALIDATE_PRODUCT = YES;
			};
			name = Release;
		};
		04684677278D952F00D29F68 /* Debug */ = {
			isa = XCBuildConfiguration;
			baseConfigurationReference = 559D28802E66643C65F78A48 /* Pods-LocalPackageDemo.debug.xcconfig */;
			buildSettings = {
				ASSETCATALOG_COMPILER_APPICON_NAME = AppIcon;
				ASSETCATALOG_COMPILER_GLOBAL_ACCENT_COLOR_NAME = AccentColor;
				CODE_SIGN_STYLE = Automatic;
				CURRENT_PROJECT_VERSION = 1;
				DEVELOPMENT_TEAM = GK4GDX3M3T;
				GENERATE_INFOPLIST_FILE = YES;
				INFOPLIST_FILE = LocalPackageDemo/Info.plist;
				INFOPLIST_KEY_UIApplicationSupportsIndirectInputEvents = YES;
				INFOPLIST_KEY_UILaunchStoryboardName = LaunchScreen;
				INFOPLIST_KEY_UIMainStoryboardFile = Main;
				INFOPLIST_KEY_UISupportedInterfaceOrientations_iPad = "UIInterfaceOrientationPortrait UIInterfaceOrientationPortraitUpsideDown UIInterfaceOrientationLandscapeLeft UIInterfaceOrientationLandscapeRight";
				INFOPLIST_KEY_UISupportedInterfaceOrientations_iPhone = "UIInterfaceOrientationPortrait UIInterfaceOrientationLandscapeLeft UIInterfaceOrientationLandscapeRight";
				LD_RUNPATH_SEARCH_PATHS = (
					"$(inherited)",
					"@executable_path/Frameworks",
				);
				MARKETING_VERSION = 1.0;
				PRODUCT_BUNDLE_IDENTIFIER = com.mif50.LocalPackageDemo;
				PRODUCT_NAME = "$(TARGET_NAME)";
				SWIFT_EMIT_LOC_STRINGS = YES;
				SWIFT_VERSION = 5.0;
				TARGETED_DEVICE_FAMILY = "1,2";
			};
			name = Debug;
		};
		04684678278D952F00D29F68 /* Release */ = {
			isa = XCBuildConfiguration;
			baseConfigurationReference = 706C5FCE2C1F957E512CB911 /* Pods-LocalPackageDemo.release.xcconfig */;
			buildSettings = {
				ASSETCATALOG_COMPILER_APPICON_NAME = AppIcon;
				ASSETCATALOG_COMPILER_GLOBAL_ACCENT_COLOR_NAME = AccentColor;
				CODE_SIGN_STYLE = Automatic;
				CURRENT_PROJECT_VERSION = 1;
				DEVELOPMENT_TEAM = GK4GDX3M3T;
				GENERATE_INFOPLIST_FILE = YES;
				INFOPLIST_FILE = LocalPackageDemo/Info.plist;
				INFOPLIST_KEY_UIApplicationSupportsIndirectInputEvents = YES;
				INFOPLIST_KEY_UILaunchStoryboardName = LaunchScreen;
				INFOPLIST_KEY_UIMainStoryboardFile = Main;
				INFOPLIST_KEY_UISupportedInterfaceOrientations_iPad = "UIInterfaceOrientationPortrait UIInterfaceOrientationPortraitUpsideDown UIInterfaceOrientationLandscapeLeft UIInterfaceOrientationLandscapeRight";
				INFOPLIST_KEY_UISupportedInterfaceOrientations_iPhone = "UIInterfaceOrientationPortrait UIInterfaceOrientationLandscapeLeft UIInterfaceOrientationLandscapeRight";
				LD_RUNPATH_SEARCH_PATHS = (
					"$(inherited)",
					"@executable_path/Frameworks",
				);
				MARKETING_VERSION = 1.0;
				PRODUCT_BUNDLE_IDENTIFIER = com.mif50.LocalPackageDemo;
				PRODUCT_NAME = "$(TARGET_NAME)";
				SWIFT_EMIT_LOC_STRINGS = YES;
				SWIFT_VERSION = 5.0;
				TARGETED_DEVICE_FAMILY = "1,2";
			};
			name = Release;
		};
/* End XCBuildConfiguration section */

/* Begin XCConfigurationList section */
		0468465D278D952E00D29F68 /* Build configuration list for PBXProject "LocalPackageDemo" */ = {
			isa = XCConfigurationList;
			buildConfigurations = (
				04684674278D952F00D29F68 /* Debug */,
				04684675278D952F00D29F68 /* Release */,
			);
			defaultConfigurationIsVisible = 0;
			defaultConfigurationName = Release;
		};
		04684676278D952F00D29F68 /* Build configuration list for PBXNativeTarget "LocalPackageDemo" */ = {
			isa = XCConfigurationList;
			buildConfigurations = (
				04684677278D952F00D29F68 /* Debug */,
				04684678278D952F00D29F68 /* Release */,
			);
			defaultConfigurationIsVisible = 0;
			defaultConfigurationName = Release;
		};
/* End XCConfigurationList section */

/* Begin XCSwiftPackageProductDependency section */
		80D23639278F0C23007DD6DC /* Fastis */ = {
			isa = XCSwiftPackageProductDependency;
			productName = Fastis;
		};
		80D2363B278F0C28007DD6DC /* Fastis */ = {
			isa = XCSwiftPackageProductDependency;
			productName = Fastis;
		};
/* End XCSwiftPackageProductDependency section */
	};
	rootObject = 0468465A278D952E00D29F68 /* Project object */;
}
